
Microsoft Visual Studio Solution File, Format Version 12.00
# Visual Studio Version 17
VisualStudioVersion = 17.13.35919.96 d17.13
MinimumVisualStudioVersion = 10.0.40219.1
Project("{FAE04EC0-301F-11D3-BF4B-00C04F79EFBC}") = "ĐỒ ÁN NHÓM 1", "ĐỒ ÁN NHÓM 1\ĐỒ ÁN NHÓM 1.csproj", "{6DDB96B0-CD0A-4917-8161-B722671577E3}"
EndProject
Global
	GlobalSection(SolutionConfigurationPlatforms) = preSolution
		Debug|Any CPU = Debug|Any CPU
		Release|Any CPU = Release|Any CPU
	EndGlobalSection
	GlobalSection(ProjectConfigurationPlatforms) = postSolution
		{6DDB96B0-CD0A-4917-8161-B722671577E3}.Debug|Any CPU.ActiveCfg = Debug|Any CPU
		{6DDB96B0-CD0A-4917-8161-B722671577E3}.Debug|Any CPU.Build.0 = Debug|Any CPU
		{6DDB96B0-CD0A-4917-8161-B722671577E3}.Release|Any CPU.ActiveCfg = Release|Any CPU
		{6DDB96B0-CD0A-4917-8161-B722671577E3}.Release|Any CPU.Build.0 = Release|Any CPU
	EndGlobalSection
	GlobalSection(SolutionProperties) = preSolution
		HideSolutionNode = FALSE
	EndGlobalSection
	GlobalSection(ExtensibilityGlobals) = postSolution
		SolutionGuid = {18F3EA0C-8A9E-4E7B-91D0-D90075AAA51E}
	EndGlobalSection
EndGlobal
